// !$*UTF8*$!
{
	archiveVersion = 1;
	classes = {
	};
	objectVersion = 46;
	objects = {

/* Begin PBXBuildFile section */
		4035B4481EED229B004676E6 /* AppDelegate.swift in Sources */ = {isa = PBXBuildFile; fileRef = 4035B4471EED229B004676E6 /* AppDelegate.swift */; };
		4035B44A1EED229B004676E6 /* ViewController.swift in Sources */ = {isa = PBXBuildFile; fileRef = 4035B4491EED229B004676E6 /* ViewController.swift */; };
		4035B44D1EED229B004676E6 /* Main.storyboard in Resources */ = {isa = PBXBuildFile; fileRef = 4035B44B1EED229B004676E6 /* Main.storyboard */; };
		4035B44F1EED229B004676E6 /* Assets.xcassets in Resources */ = {isa = PBXBuildFile; fileRef = 4035B44E1EED229B004676E6 /* Assets.xcassets */; };
		4035B4521EED229B004676E6 /* LaunchScreen.storyboard in Resources */ = {isa = PBXBuildFile; fileRef = 4035B4501EED229B004676E6 /* LaunchScreen.storyboard */; };
		407E45FB1EEDCB4E00DCAEFD /* CountdownViewController.swift in Sources */ = {isa = PBXBuildFile; fileRef = 407E45FA1EEDCB4E00DCAEFD /* CountdownViewController.swift */; };
		407E45FD1EEDCC4E00DCAEFD /* 1.mp3 in Resources */ = {isa = PBXBuildFile; fileRef = 407E45FC1EEDCC4E00DCAEFD /* 1.mp3 */; };
		40C7D0631F16513400E8A4E1 /* stopwatch.png in Resources */ = {isa = PBXBuildFile; fileRef = 40C7D0621F16513400E8A4E1 /* stopwatch.png */; };
		40C7D0651F16513B00E8A4E1 /* countdown.png in Resources */ = {isa = PBXBuildFile; fileRef = 40C7D0641F16513B00E8A4E1 /* countdown.png */; };
/* End PBXBuildFile section */

/* Begin PBXFileReference section */
		4035B4441EED229B004676E6 /* Stop Watch.app */ = {isa = PBXFileReference; explicitFileType = wrapper.application; includeInIndex = 0; path = "Stop Watch.app"; sourceTree = BUILT_PRODUCTS_DIR; };
		4035B4471EED229B004676E6 /* AppDelegate.swift */ = {isa = PBXFileReference; lastKnownFileType = sourcecode.swift; path = AppDelegate.swift; sourceTree = "<group>"; };
		4035B4491EED229B004676E6 /* ViewController.swift */ = {isa = PBXFileReference; lastKnownFileType = sourcecode.swift; path = ViewController.swift; sourceTree = "<group>"; };
		4035B44C1EED229B004676E6 /* Base */ = {isa = PBXFileReference; lastKnownFileType = file.storyboard; name = Base; path = Base.lproj/Main.storyboard; sourceTree = "<group>"; };
		4035B44E1EED229B004676E6 /* Assets.xcassets */ = {isa = PBXFileReference; lastKnownFileType = folder.assetcatalog; path = Assets.xcassets; sourceTree = "<group>"; };
		4035B4511EED229B004676E6 /* Base */ = {isa = PBXFileReference; lastKnownFileType = file.storyboard; name = Base; path = Base.lproj/LaunchScreen.storyboard; sourceTree = "<group>"; };
		4035B4531EED229B004676E6 /* Info.plist */ = {isa = PBXFileReference; lastKnownFileType = text.plist.xml; path = Info.plist; sourceTree = "<group>"; };
		407E45FA1EEDCB4E00DCAEFD /* CountdownViewController.swift */ = {isa = PBXFileReference; fileEncoding = 4; lastKnownFileType = sourcecode.swift; path = CountdownViewController.swift; sourceTree = "<group>"; };
		407E45FC1EEDCC4E00DCAEFD /* 1.mp3 */ = {isa = PBXFileReference; lastKnownFileType = audio.mp3; path = 1.mp3; sourceTree = "<group>"; };
		40C7D0621F16513400E8A4E1 /* stopwatch.png */ = {isa = PBXFileReference; lastKnownFileType = image.png; path = stopwatch.png; sourceTree = "<group>"; };
		40C7D0641F16513B00E8A4E1 /* countdown.png */ = {isa = PBXFileReference; lastKnownFileType = image.png; path = countdown.png; sourceTree = "<group>"; };
/* End PBXFileReference section */

/* Begin PBXFrameworksBuildPhase section */
		4035B4411EED229B004676E6 /* Frameworks */ = {
			isa = PBXFrameworksBuildPhase;
			buildActionMask = 2147483647;
			files = (
			);
			runOnlyForDeploymentPostprocessing = 0;
		};
/* End PBXFrameworksBuildPhase section */

/* Begin PBXGroup section */
		4035B43B1EED229A004676E6 = {
			isa = PBXGroup;
			children = (
				4035B4461EED229B004676E6 /* Stop Watch */,
				4035B4451EED229B004676E6 /* Products */,
			);
			sourceTree = "<group>";
		};
		4035B4451EED229B004676E6 /* Products */ = {
			isa = PBXGroup;
			children = (
				4035B4441EED229B004676E6 /* Stop Watch.app */,
			);
			name = Products;
			sourceTree = "<group>";
		};
		4035B4461EED229B004676E6 /* Stop Watch */ = {
			isa = PBXGroup;
			children = (
				4035B4471EED229B004676E6 /* AppDelegate.swift */,
				4035B4491EED229B004676E6 /* ViewController.swift */,
				407E45FA1EEDCB4E00DCAEFD /* CountdownViewController.swift */,
				4035B44B1EED229B004676E6 /* Main.storyboard */,
				4035B44E1EED229B004676E6 /* Assets.xcassets */,
				40C7D0621F16513400E8A4E1 /* stopwatch.png */,
				40C7D0641F16513B00E8A4E1 /* countdown.png */,
				4035B4501EED229B004676E6 /* LaunchScreen.storyboard */,
				407E45FC1EEDCC4E00DCAEFD /* 1.mp3 */,
				4035B4531EED229B004676E6 /* Info.plist */,
			);
			path = "Stop Watch";
			sourceTree = "<group>";
		};
/* End PBXGroup section */

/* Begin PBXNativeTarget section */
		4035B4431EED229B004676E6 /* Stop Watch */ = {
			isa = PBXNativeTarget;
			buildConfigurationList = 4035B4561EED229B004676E6 /* Build configuration list for PBXNativeTarget "Stop Watch" */;
			buildPhases = (
				4035B4401EED229B004676E6 /* Sources */,
				4035B4411EED229B004676E6 /* Frameworks */,
				4035B4421EED229B004676E6 /* Resources */,
			);
			buildRules = (
			);
			dependencies = (
			);
			name = "Stop Watch";
			productName = "Stop Watch";
			productReference = 4035B4441EED229B004676E6 /* Stop Watch.app */;
			productType = "com.apple.product-type.application";
		};
/* End PBXNativeTarget section */

/* Begin PBXProject section */
		4035B43C1EED229B004676E6 /* Project object */ = {
			isa = PBXProject;
			attributes = {
				LastSwiftUpdateCheck = 0830;
				LastUpgradeCheck = 0830;
				ORGANIZATIONNAME = "Jogendra Singh";
				TargetAttributes = {
					4035B4431EED229B004676E6 = {
						CreatedOnToolsVersion = 8.3;
						DevelopmentTeam = 7P4K4M8A4Q;
						ProvisioningStyle = Automatic;
					};
				};
			};
			buildConfigurationList = 4035B43F1EED229B004676E6 /* Build configuration list for PBXProject "Stop Watch" */;
			compatibilityVersion = "Xcode 3.2";
			developmentRegion = English;
			hasScannedForEncodings = 0;
			knownRegions = (
				en,
				Base,
			);
			mainGroup = 4035B43B1EED229A004676E6;
			productRefGroup = 4035B4451EED229B004676E6 /* Products */;
			projectDirPath = "";
			projectRoot = "";
			targets = (
				4035B4431EED229B004676E6 /* Stop Watch */,
			);
		};
/* End PBXProject section */

/* Begin PBXResourcesBuildPhase section */
		4035B4421EED229B004676E6 /* Resources */ = {
			isa = PBXResourcesBuildPhase;
			buildActionMask = 2147483647;
			files = (
				407E45FD1EEDCC4E00DCAEFD /* 1.mp3 in Resources */,
				40C7D0651F16513B00E8A4E1 /* countdown.png in Resources */,
				4035B4521EED229B004676E6 /* LaunchScreen.storyboard in Resources */,
				4035B44F1EED229B004676E6 /* Assets.xcassets in Resources */,
				4035B44D1EED229B004676E6 /* Main.storyboard in Resources */,
				40C7D0631F16513400E8A4E1 /* stopwatch.png in Resources */,
			);
			runOnlyForDeploymentPostprocessing = 0;
		};
/* End PBXResourcesBuildPhase section */

/* Begin PBXSourcesBuildPhase section */
		4035B4401EED229B004676E6 /* Sources */ = {
			isa = PBXSourcesBuildPhase;
			buildActionMask = 2147483647;
			files = (
				407E45FB1EEDCB4E00DCAEFD /* CountdownViewController.swift in Sources */,
				4035B44A1EED229B004676E6 /* ViewController.swift in Sources */,
				4035B4481EED229B004676E6 /* AppDelegate.swift in Sources */,
			);
			runOnlyForDeploymentPostprocessing = 0;
		};
/* End PBXSourcesBuildPhase section */

/* Begin PBXVariantGroup section */
		4035B44B1EED229B004676E6 /* Main.storyboard */ = {
			isa = PBXVariantGroup;
			children = (
				4035B44C1EED229B004676E6 /* Base */,
			);
			name = Main.storyboard;
			sourceTree = "<group>";
		};
		4035B4501EED229B004676E6 /* LaunchScreen.storyboard */ = {
			isa = PBXVariantGroup;
			children = (
				4035B4511EED229B004676E6 /* Base */,
			);
			name = LaunchScreen.storyboard;
			sourceTree = "<group>";
		};
/* End PBXVariantGroup section */

/* Begin XCBuildConfiguration section */
		4035B4541EED229B004676E6 /* Debug */ = {
			isa = XCBuildConfiguration;
			buildSettings = {
				ALWAYS_SEARCH_USER_PATHS = NO;
				CLANG_ANALYZER_NONNULL = YES;
				CLANG_ANALYZER_NUMBER_OBJECT_CONVERSION = YES_AGGRESSIVE;
				CLANG_CXX_LANGUAGE_STANDARD = "gnu++0x";
				CLANG_CXX_LIBRARY = "libc++";
				CLANG_ENABLE_MODULES = YES;
				CLANG_ENABLE_OBJC_ARC = YES;
				CLANG_WARN_BOOL_CONVERSION = YES;
				CLANG_WARN_CONSTANT_CONVERSION = YES;
				CLANG_WARN_DIRECT_OBJC_ISA_USAGE = YES_ERROR;
				CLANG_WARN_DOCUMENTATION_COMMENTS = YES;
				CLANG_WARN_EMPTY_BODY = YES;
				CLANG_WARN_ENUM_CONVERSION = YES;
				CLANG_WARN_INFINITE_RECURSION = YES;
				CLANG_WARN_INT_CONVERSION = YES;
				CLANG_WARN_OBJC_ROOT_CLASS = YES_ERROR;
				CLANG_WARN_SUSPICIOUS_MOVE = YES;
				CLANG_WARN_UNREACHABLE_CODE = YES;
				CLANG_WARN__DUPLICATE_METHOD_MATCH = YES;
				"CODE_SIGN_IDENTITY[sdk=iphoneos*]" = "iPhone Developer";
				COPY_PHASE_STRIP = NO;
				DEBUG_INFORMATION_FORMAT = dwarf;
				ENABLE_STRICT_OBJC_MSGSEND = YES;
				ENABLE_TESTABILITY = YES;
				GCC_C_LANGUAGE_STANDARD = gnu99;
				GCC_DYNAMIC_NO_PIC = NO;
				GCC_NO_COMMON_BLOCKS = YES;
				GCC_OPTIMIZATION_LEVEL = 0;
				GCC_PREPROCESSOR_DEFINITIONS = (
					"DEBUG=1",
					"$(inherited)",
				);
				GCC_WARN_64_TO_32_BIT_CONVERSION = YES;
				GCC_WARN_ABOUT_RETURN_TYPE = YES_ERROR;
				GCC_WARN_UNDECLARED_SELECTOR = YES;
				GCC_WARN_UNINITIALIZED_AUTOS = YES_AGGRESSIVE;
				GCC_WARN_UNUSED_FUNCTION = YES;
				GCC_WARN_UNUSED_VARIABLE = YES;
				IPHONEOS_DEPLOYMENT_TARGET = 10.3;
				MTL_ENABLE_DEBUG_INFO = YES;
				ONLY_ACTIVE_ARCH = YES;
				SDKROOT = iphoneos;
				SWIFT_ACTIVE_COMPILATION_CONDITIONS = DEBUG;
				SWIFT_OPTIMIZATION_LEVEL = "-Onone";
			};
			name = Debug;
		};
		4035B4551EED229B004676E6 /* Release */ = {
			isa = XCBuildConfiguration;
			buildSettings = {
				ALWAYS_SEARCH_USER_PATHS = NO;
				CLANG_ANALYZER_NONNULL = YES;
				CLANG_ANALYZER_NUMBER_OBJECT_CONVERSION = YES_AGGRESSIVE;
				CLANG_CXX_LANGUAGE_STANDARD = "gnu++0x";
				CLANG_CXX_LIBRARY = "libc++";
				CLANG_ENABLE_MODULES = YES;
				CLANG_ENABLE_OBJC_ARC = YES;
				CLANG_WARN_BOOL_CONVERSION = YES;
				CLANG_WARN_CONSTANT_CONVERSION = YES;
				CLANG_WARN_DIRECT_OBJC_ISA_USAGE = YES_ERROR;
				CLANG_WARN_DOCUMENTATION_COMMENTS = YES;
				CLANG_WARN_EMPTY_BODY = YES;
				CLANG_WARN_ENUM_CONVERSION = YES;
				CLANG_WARN_INFINITE_RECURSION = YES;
				CLANG_WARN_INT_CONVERSION = YES;
				CLANG_WARN_OBJC_ROOT_CLASS = YES_ERROR;
				CLANG_WARN_SUSPICIOUS_MOVE = YES;
				CLANG_WARN_UNREACHABLE_CODE = YES;
				CLANG_WARN__DUPLICATE_METHOD_MATCH = YES;
				"CODE_SIGN_IDENTITY[sdk=iphoneos*]" = "iPhone Developer";
				COPY_PHASE_STRIP = NO;
				DEBUG_INFORMATION_FORMAT = "dwarf-with-dsym";
				ENABLE_NS_ASSERTIONS = NO;
				ENABLE_STRICT_OBJC_MSGSEND = YES;
				GCC_C_LANGUAGE_STANDARD = gnu99;
				GCC_NO_COMMON_BLOCKS = YES;
				GCC_WARN_64_TO_32_BIT_CONVERSION = YES;
				GCC_WARN_ABOUT_RETURN_TYPE = YES_ERROR;
				GCC_WARN_UNDECLARED_SELECTOR = YES;
				GCC_WARN_UNINITIALIZED_AUTOS = YES_AGGRESSIVE;
				GCC_WARN_UNUSED_FUNCTION = YES;
				GCC_WARN_UNUSED_VARIABLE = YES;
				IPHONEOS_DEPLOYMENT_TARGET = 10.3;
				MTL_ENABLE_DEBUG_INFO = NO;
				SDKROOT = iphoneos;
				SWIFT_OPTIMIZATION_LEVEL = "-Owholemodule";
				VALIDATE_PRODUCT = YES;
			};
			name = Release;
		};
		4035B4571EED229B004676E6 /* Debug */ = {
			isa = XCBuildConfiguration;
			buildSettings = {
				ASSETCATALOG_COMPILER_APPICON_NAME = AppIcon;
				DEVELOPMENT_TEAM = 7P4K4M8A4Q;
				INFOPLIST_FILE = "Stop Watch/Info.plist";
				LD_RUNPATH_SEARCH_PATHS = "$(inherited) @executable_path/Frameworks";
				PRODUCT_BUNDLE_IDENTIFIER = "jog.Stop-Watch";
				PRODUCT_NAME = "$(TARGET_NAME)";
				SWIFT_VERSION = 3.0;
			};
			name = Debug;
		};
		4035B4581EED229B004676E6 /* Release */ = {
			isa = XCBuildConfiguration;
			buildSettings = {
				ASSETCATALOG_COMPILER_APPICON_NAME = AppIcon;
				DEVELOPMENT_TEAM = 7P4K4M8A4Q;
				INFOPLIST_FILE = "Stop Watch/Info.plist";
				LD_RUNPATH_SEARCH_PATHS = "$(inherited) @executable_path/Frameworks";
				PRODUCT_BUNDLE_IDENTIFIER = "jog.Stop-Watch";
				PRODUCT_NAME = "$(TARGET_NAME)";
				SWIFT_VERSION = 3.0;
			};
			name = Release;
		};
/* End XCBuildConfiguration section */

/* Begin XCConfigurationList section */
		4035B43F1EED229B004676E6 /* Build configuration list for PBXProject "Stop Watch" */ = {
			isa = XCConfigurationList;
			buildConfigurations = (
				4035B4541EED229B004676E6 /* Debug */,
				4035B4551EED229B004676E6 /* Release */,
			);
			defaultConfigurationIsVisible = 0;
			defaultConfigurationName = Release;
		};
		4035B4561EED229B004676E6 /* Build configuration list for PBXNativeTarget "Stop Watch" */ = {
			isa = XCConfigurationList;
			buildConfigurations = (
				4035B4571EED229B004676E6 /* Debug */,
				4035B4581EED229B004676E6 /* Release */,
			);
			defaultConfigurationIsVisible = 0;
			defaultConfigurationName = Release;
		};
/* End XCConfigurationList section */
	};
	rootObject = 4035B43C1EED229B004676E6 /* Project object */;
}
